
Microsoft Visual Studio Solution File, Format Version 12.00
# Visual Studio Version 17
VisualStudioVersion = 17.0.32228.444
MinimumVisualStudioVersion = 10.0.40219.1
Project("{9A19103F-16F7-4668-BE54-9A1E7A4F7556}") = "OnlineChat", "OnlineChat\OnlineChat.csproj", "{6C5D0E58-A574-4297-B17B-F5A4A136342A}"
EndProject
Project("{FAE04EC0-301F-11D3-BF4B-00C04F79EFBC}") = "OnlineChat.Api", "OnlineChat.Api\OnlineChat.Api.csproj", "{40AFE45B-EDAC-482C-8964-262A4A9EE415}"
EndProject
Global
	GlobalSection(SolutionConfigurationPlatforms) = preSolution
		Debug|Any CPU = Debug|Any CPU
		Release|Any CPU = Release|Any CPU
	EndGlobalSection
	GlobalSection(ProjectConfigurationPlatforms) = postSolution
		{6C5D0E58-A574-4297-B17B-F5A4A136342A}.Debug|Any CPU.ActiveCfg = Debug|Any CPU
		{6C5D0E58-A574-4297-B17B-F5A4A136342A}.Debug|Any CPU.Build.0 = Debug|Any CPU
		{6C5D0E58-A574-4297-B17B-F5A4A136342A}.Release|Any CPU.ActiveCfg = Release|Any CPU
		{6C5D0E58-A574-4297-B17B-F5A4A136342A}.Release|Any CPU.Build.0 = Release|Any CPU
		{40AFE45B-EDAC-482C-8964-262A4A9EE415}.Debug|Any CPU.ActiveCfg = Debug|Any CPU
		{40AFE45B-EDAC-482C-8964-262A4A9EE415}.Debug|Any CPU.Build.0 = Debug|Any CPU
		{40AFE45B-EDAC-482C-8964-262A4A9EE415}.Release|Any CPU.ActiveCfg = Release|Any CPU
		{40AFE45B-EDAC-482C-8964-262A4A9EE415}.Release|Any CPU.Build.0 = Release|Any CPU
	EndGlobalSection
	GlobalSection(SolutionProperties) = preSolution
		HideSolutionNode = FALSE
	EndGlobalSection
	GlobalSection(ExtensibilityGlobals) = postSolution
		SolutionGuid = {ED1F13E1-D535-4BFB-8AAC-4679D881E1F2}
	EndGlobalSection
EndGlobal
